
Microsoft Visual Studio Solution File, Format Version 12.00
# Visual Studio Version 17
VisualStudioVersion = 17.10.35013.160
MinimumVisualStudioVersion = 10.0.40219.1
Project("{FAE04EC0-301F-11D3-BF4B-00C04F79EFBC}") = "dotNET", "dotNET\dotNET.csproj", "{0E74F9F4-B8D8-4008-B8F6-655F682FD67C}"
EndProject
Project("{FAE04EC0-301F-11D3-BF4B-00C04F79EFBC}") = "Test", "Test\Test.csproj", "{EE418F5F-9DB8-4D4C-B34D-3F217594DFEA}"
EndProject
Global
	GlobalSection(SolutionConfigurationPlatforms) = preSolution
		Debug|Any CPU = Debug|Any CPU
		Release|Any CPU = Release|Any CPU
	EndGlobalSection
	GlobalSection(ProjectConfigurationPlatforms) = postSolution
		{0E74F9F4-B8D8-4008-B8F6-655F682FD67C}.Debug|Any CPU.ActiveCfg = Debug|Any CPU
		{0E74F9F4-B8D8-4008-B8F6-655F682FD67C}.Debug|Any CPU.Build.0 = Debug|Any CPU
		{0E74F9F4-B8D8-4008-B8F6-655F682FD67C}.Release|Any CPU.ActiveCfg = Release|Any CPU
		{0E74F9F4-B8D8-4008-B8F6-655F682FD67C}.Release|Any CPU.Build.0 = Release|Any CPU
		{EE418F5F-9DB8-4D4C-B34D-3F217594DFEA}.Debug|Any CPU.ActiveCfg = Debug|Any CPU
		{EE418F5F-9DB8-4D4C-B34D-3F217594DFEA}.Debug|Any CPU.Build.0 = Debug|Any CPU
		{EE418F5F-9DB8-4D4C-B34D-3F217594DFEA}.Release|Any CPU.ActiveCfg = Release|Any CPU
		{EE418F5F-9DB8-4D4C-B34D-3F217594DFEA}.Release|Any CPU.Build.0 = Release|Any CPU
	EndGlobalSection
	GlobalSection(SolutionProperties) = preSolution
		HideSolutionNode = FALSE
	EndGlobalSection
	GlobalSection(ExtensibilityGlobals) = postSolution
		SolutionGuid = {C7AAADFA-1F88-473D-A72F-3A08C998FCA9}
	EndGlobalSection
EndGlobal
